
Microsoft Visual Studio Solution File, Format Version 12.00
# Visual Studio Version 16
VisualStudioVersion = 16.0.31019.35
MinimumVisualStudioVersion = 10.0.40219.1
Project("{888888A0-9F3D-457C-B088-3A5042F75D52}") = "RSI Optimization - BacktraderPlotting", "RSI Optimization - BacktraderPlotting.pyproj", "{48D05E39-ADAB-4DCE-B145-C9D801DBB7C2}"
EndProject
Global
	GlobalSection(SolutionConfigurationPlatforms) = preSolution
		Debug|Any CPU = Debug|Any CPU
		Release|Any CPU = Release|Any CPU
	EndGlobalSection
	GlobalSection(ProjectConfigurationPlatforms) = postSolution
		{48D05E39-ADAB-4DCE-B145-C9D801DBB7C2}.Debug|Any CPU.ActiveCfg = Debug|Any CPU
		{48D05E39-ADAB-4DCE-B145-C9D801DBB7C2}.Release|Any CPU.ActiveCfg = Release|Any CPU
	EndGlobalSection
	GlobalSection(SolutionProperties) = preSolution
		HideSolutionNode = FALSE
	EndGlobalSection
	GlobalSection(ExtensibilityGlobals) = postSolution
		SolutionGuid = {D4DE613A-0198-4AAB-B166-7D8E34C3BD8B}
	EndGlobalSection
EndGlobal
